
Microsoft Visual Studio Solution File, Format Version 12.00
# Visual Studio Version 16
VisualStudioVersion = 16.0.31129.286
MinimumVisualStudioVersion = 10.0.40219.1
Project("{FAE04EC0-301F-11D3-BF4B-00C04F79EFBC}") = "CarRentalApiService", "CarRentalApiService.csproj", "{8EBC60C3-A42D-40C7-86C0-1212EABF60B8}"
EndProject
Global
	GlobalSection(SolutionConfigurationPlatforms) = preSolution
		Debug|Any CPU = Debug|Any CPU
		Release|Any CPU = Release|Any CPU
	EndGlobalSection
	GlobalSection(ProjectConfigurationPlatforms) = postSolution
		{8EBC60C3-A42D-40C7-86C0-1212EABF60B8}.Debug|Any CPU.ActiveCfg = Debug|Any CPU
		{8EBC60C3-A42D-40C7-86C0-1212EABF60B8}.Debug|Any CPU.Build.0 = Debug|Any CPU
		{8EBC60C3-A42D-40C7-86C0-1212EABF60B8}.Release|Any CPU.ActiveCfg = Release|Any CPU
		{8EBC60C3-A42D-40C7-86C0-1212EABF60B8}.Release|Any CPU.Build.0 = Release|Any CPU
	EndGlobalSection
	GlobalSection(SolutionProperties) = preSolution
		HideSolutionNode = FALSE
	EndGlobalSection
	GlobalSection(ExtensibilityGlobals) = postSolution
		SolutionGuid = {DC88F651-C3F4-475B-A417-D44F12D2F280}
	EndGlobalSection
EndGlobal
